
Microsoft Visual Studio Solution File, Format Version 12.00
Project("{FAE04EC0-301F-11D3-BF4B-00C04F79EFBC}") = "FactoryApp", "FactoryApp\FactoryApp.csproj", "{2F01E28A-0875-485B-B6FE-3C92F3E47452}"
EndProject
Global
	GlobalSection(SolutionConfigurationPlatforms) = preSolution
		Debug|Any CPU = Debug|Any CPU
		Release|Any CPU = Release|Any CPU
	EndGlobalSection
	GlobalSection(ProjectConfigurationPlatforms) = postSolution
		{2F01E28A-0875-485B-B6FE-3C92F3E47452}.Debug|Any CPU.ActiveCfg = Debug|Any CPU
		{2F01E28A-0875-485B-B6FE-3C92F3E47452}.Debug|Any CPU.Build.0 = Debug|Any CPU
		{2F01E28A-0875-485B-B6FE-3C92F3E47452}.Release|Any CPU.ActiveCfg = Release|Any CPU
		{2F01E28A-0875-485B-B6FE-3C92F3E47452}.Release|Any CPU.Build.0 = Release|Any CPU
	EndGlobalSection
EndGlobal
